{
  "name": "@relay-qa-hub/root",
  "version": "0.1.0-debug",
  "lockfileVersion": 3,
  "requires": true,
  "packages": {
    "": {
      "name": "@relay-qa-hub/root",
      "version": "0.1.0-debug",
      "license": "UNLICENSED",
      "workspaces": [
        "apps/*",
        "packages/*"
      ],
      "engines": {
        "node": ">=22.13"
      }
    }
  }
}
